// !$*UTF8*$!
{
	archiveVersion = 1;
	classes = {
	};
	objectVersion = 56;
	objects = {

/* Begin PBXBuildFile section */
		0441E7682CA5EC4A00A5AEC0 /* CupcakeCornerApp.swift in Sources */ = {isa = PBXBuildFile; fileRef = 0441E7672CA5EC4A00A5AEC0 /* CupcakeCornerApp.swift */; };
		0441E76A2CA5EC4A00A5AEC0 /* ContentView.swift in Sources */ = {isa = PBXBuildFile; fileRef = 0441E7692CA5EC4A00A5AEC0 /* ContentView.swift */; };
		0441E76C2CA5EC4D00A5AEC0 /* Assets.xcassets in Resources */ = {isa = PBXBuildFile; fileRef = 0441E76B2CA5EC4D00A5AEC0 /* Assets.xcassets */; };
		0441E76F2CA5EC4D00A5AEC0 /* Preview Assets.xcassets in Resources */ = {isa = PBXBuildFile; fileRef = 0441E76E2CA5EC4D00A5AEC0 /* Preview Assets.xcassets */; };
		0499DC4B2CA86035004170D9 /* AsyncImages.swift in Sources */ = {isa = PBXBuildFile; fileRef = 0499DC4A2CA86035004170D9 /* AsyncImages.swift */; };
		0499DC4D2CA8630A004170D9 /* FormView.swift in Sources */ = {isa = PBXBuildFile; fileRef = 0499DC4C2CA8630A004170D9 /* FormView.swift */; };
		0499DC4F2CA864AC004170D9 /* CodableConformance.swift in Sources */ = {isa = PBXBuildFile; fileRef = 0499DC4E2CA864AC004170D9 /* CodableConformance.swift */; };
		0499DC512CA869FD004170D9 /* HapticEffect.swift in Sources */ = {isa = PBXBuildFile; fileRef = 0499DC502CA869FD004170D9 /* HapticEffect.swift */; };
		0499DC542CA87327004170D9 /* Order.swift in Sources */ = {isa = PBXBuildFile; fileRef = 0499DC532CA87327004170D9 /* Order.swift */; };
		0499DC582CA87427004170D9 /* MainView.swift in Sources */ = {isa = PBXBuildFile; fileRef = 0499DC572CA87427004170D9 /* MainView.swift */; };
		0499DC5A2CA878F5004170D9 /* AddressView.swift in Sources */ = {isa = PBXBuildFile; fileRef = 0499DC592CA878F5004170D9 /* AddressView.swift */; };
/* End PBXBuildFile section */

/* Begin PBXFileReference section */
		0441E7642CA5EC4A00A5AEC0 /* CupcakeCorner.app */ = {isa = PBXFileReference; explicitFileType = wrapper.application; includeInIndex = 0; path = CupcakeCorner.app; sourceTree = BUILT_PRODUCTS_DIR; };
		0441E7672CA5EC4A00A5AEC0 /* CupcakeCornerApp.swift */ = {isa = PBXFileReference; lastKnownFileType = sourcecode.swift; path = CupcakeCornerApp.swift; sourceTree = "<group>"; };
		0441E7692CA5EC4A00A5AEC0 /* ContentView.swift */ = {isa = PBXFileReference; lastKnownFileType = sourcecode.swift; path = ContentView.swift; sourceTree = "<group>"; };
		0441E76B2CA5EC4D00A5AEC0 /* Assets.xcassets */ = {isa = PBXFileReference; lastKnownFileType = folder.assetcatalog; path = Assets.xcassets; sourceTree = "<group>"; };
		0441E76E2CA5EC4D00A5AEC0 /* Preview Assets.xcassets */ = {isa = PBXFileReference; lastKnownFileType = folder.assetcatalog; path = "Preview Assets.xcassets"; sourceTree = "<group>"; };
		0499DC4A2CA86035004170D9 /* AsyncImages.swift */ = {isa = PBXFileReference; lastKnownFileType = sourcecode.swift; path = AsyncImages.swift; sourceTree = "<group>"; };
		0499DC4C2CA8630A004170D9 /* FormView.swift */ = {isa = PBXFileReference; lastKnownFileType = sourcecode.swift; path = FormView.swift; sourceTree = "<group>"; };
		0499DC4E2CA864AC004170D9 /* CodableConformance.swift */ = {isa = PBXFileReference; lastKnownFileType = sourcecode.swift; path = CodableConformance.swift; sourceTree = "<group>"; };
		0499DC502CA869FD004170D9 /* HapticEffect.swift */ = {isa = PBXFileReference; lastKnownFileType = sourcecode.swift; path = HapticEffect.swift; sourceTree = "<group>"; };
		0499DC532CA87327004170D9 /* Order.swift */ = {isa = PBXFileReference; lastKnownFileType = sourcecode.swift; path = Order.swift; sourceTree = "<group>"; };
		0499DC572CA87427004170D9 /* MainView.swift */ = {isa = PBXFileReference; lastKnownFileType = sourcecode.swift; path = MainView.swift; sourceTree = "<group>"; };
		0499DC592CA878F5004170D9 /* AddressView.swift */ = {isa = PBXFileReference; lastKnownFileType = sourcecode.swift; path = AddressView.swift; sourceTree = "<group>"; };
/* End PBXFileReference section */

/* Begin PBXFrameworksBuildPhase section */
		0441E7612CA5EC4A00A5AEC0 /* Frameworks */ = {
			isa = PBXFrameworksBuildPhase;
			buildActionMask = 2147483647;
			files = (
			);
			runOnlyForDeploymentPostprocessing = 0;
		};
/* End PBXFrameworksBuildPhase section */

/* Begin PBXGroup section */
		0441E75B2CA5EC4A00A5AEC0 = {
			isa = PBXGroup;
			children = (
				0441E7662CA5EC4A00A5AEC0 /* CupcakeCorner */,
				0441E7652CA5EC4A00A5AEC0 /* Products */,
			);
			sourceTree = "<group>";
		};
		0441E7652CA5EC4A00A5AEC0 /* Products */ = {
			isa = PBXGroup;
			children = (
				0441E7642CA5EC4A00A5AEC0 /* CupcakeCorner.app */,
			);
			name = Products;
			sourceTree = "<group>";
		};
		0441E7662CA5EC4A00A5AEC0 /* CupcakeCorner */ = {
			isa = PBXGroup;
			children = (
				0499DC522CA86FD1004170D9 /* CupCakeProject */,
				0441E7672CA5EC4A00A5AEC0 /* CupcakeCornerApp.swift */,
				0441E7692CA5EC4A00A5AEC0 /* ContentView.swift */,
				0499DC4A2CA86035004170D9 /* AsyncImages.swift */,
				0499DC4C2CA8630A004170D9 /* FormView.swift */,
				0499DC4E2CA864AC004170D9 /* CodableConformance.swift */,
				0499DC502CA869FD004170D9 /* HapticEffect.swift */,
				0441E76B2CA5EC4D00A5AEC0 /* Assets.xcassets */,
				0441E76D2CA5EC4D00A5AEC0 /* Preview Content */,
			);
			path = CupcakeCorner;
			sourceTree = "<group>";
		};
		0441E76D2CA5EC4D00A5AEC0 /* Preview Content */ = {
			isa = PBXGroup;
			children = (
				0441E76E2CA5EC4D00A5AEC0 /* Preview Assets.xcassets */,
			);
			path = "Preview Content";
			sourceTree = "<group>";
		};
		0499DC522CA86FD1004170D9 /* CupCakeProject */ = {
			isa = PBXGroup;
			children = (
				0499DC532CA87327004170D9 /* Order.swift */,
				0499DC572CA87427004170D9 /* MainView.swift */,
				0499DC592CA878F5004170D9 /* AddressView.swift */,
			);
			path = CupCakeProject;
			sourceTree = "<group>";
		};
/* End PBXGroup section */

/* Begin PBXNativeTarget section */
		0441E7632CA5EC4A00A5AEC0 /* CupcakeCorner */ = {
			isa = PBXNativeTarget;
			buildConfigurationList = 0441E7722CA5EC4D00A5AEC0 /* Build configuration list for PBXNativeTarget "CupcakeCorner" */;
			buildPhases = (
				0441E7602CA5EC4A00A5AEC0 /* Sources */,
				0441E7612CA5EC4A00A5AEC0 /* Frameworks */,
				0441E7622CA5EC4A00A5AEC0 /* Resources */,
			);
			buildRules = (
			);
			dependencies = (
			);
			name = CupcakeCorner;
			productName = CupcakeCorner;
			productReference = 0441E7642CA5EC4A00A5AEC0 /* CupcakeCorner.app */;
			productType = "com.apple.product-type.application";
		};
/* End PBXNativeTarget section */

/* Begin PBXProject section */
		0441E75C2CA5EC4A00A5AEC0 /* Project object */ = {
			isa = PBXProject;
			attributes = {
				BuildIndependentTargetsInParallel = 1;
				LastSwiftUpdateCheck = 1500;
				LastUpgradeCheck = 1500;
				TargetAttributes = {
					0441E7632CA5EC4A00A5AEC0 = {
						CreatedOnToolsVersion = 15.0.1;
					};
				};
			};
			buildConfigurationList = 0441E75F2CA5EC4A00A5AEC0 /* Build configuration list for PBXProject "CupcakeCorner" */;
			compatibilityVersion = "Xcode 14.0";
			developmentRegion = en;
			hasScannedForEncodings = 0;
			knownRegions = (
				en,
				Base,
			);
			mainGroup = 0441E75B2CA5EC4A00A5AEC0;
			productRefGroup = 0441E7652CA5EC4A00A5AEC0 /* Products */;
			projectDirPath = "";
			projectRoot = "";
			targets = (
				0441E7632CA5EC4A00A5AEC0 /* CupcakeCorner */,
			);
		};
/* End PBXProject section */

/* Begin PBXResourcesBuildPhase section */
		0441E7622CA5EC4A00A5AEC0 /* Resources */ = {
			isa = PBXResourcesBuildPhase;
			buildActionMask = 2147483647;
			files = (
				0441E76F2CA5EC4D00A5AEC0 /* Preview Assets.xcassets in Resources */,
				0441E76C2CA5EC4D00A5AEC0 /* Assets.xcassets in Resources */,
			);
			runOnlyForDeploymentPostprocessing = 0;
		};
/* End PBXResourcesBuildPhase section */

/* Begin PBXSourcesBuildPhase section */
		0441E7602CA5EC4A00A5AEC0 /* Sources */ = {
			isa = PBXSourcesBuildPhase;
			buildActionMask = 2147483647;
			files = (
				0499DC4D2CA8630A004170D9 /* FormView.swift in Sources */,
				0499DC582CA87427004170D9 /* MainView.swift in Sources */,
				0499DC4F2CA864AC004170D9 /* CodableConformance.swift in Sources */,
				0499DC4B2CA86035004170D9 /* AsyncImages.swift in Sources */,
				0441E76A2CA5EC4A00A5AEC0 /* ContentView.swift in Sources */,
				0499DC5A2CA878F5004170D9 /* AddressView.swift in Sources */,
				0441E7682CA5EC4A00A5AEC0 /* CupcakeCornerApp.swift in Sources */,
				0499DC512CA869FD004170D9 /* HapticEffect.swift in Sources */,
				0499DC542CA87327004170D9 /* Order.swift in Sources */,
			);
			runOnlyForDeploymentPostprocessing = 0;
		};
/* End PBXSourcesBuildPhase section */

/* Begin XCBuildConfiguration section */
		0441E7702CA5EC4D00A5AEC0 /* Debug */ = {
			isa = XCBuildConfiguration;
			buildSettings = {
				ALWAYS_SEARCH_USER_PATHS = NO;
				ASSETCATALOG_COMPILER_GENERATE_SWIFT_ASSET_SYMBOL_EXTENSIONS = YES;
				CLANG_ANALYZER_NONNULL = YES;
				CLANG_ANALYZER_NUMBER_OBJECT_CONVERSION = YES_AGGRESSIVE;
				CLANG_CXX_LANGUAGE_STANDARD = "gnu++20";
				CLANG_ENABLE_MODULES = YES;
				CLANG_ENABLE_OBJC_ARC = YES;
				CLANG_ENABLE_OBJC_WEAK = YES;
				CLANG_WARN_BLOCK_CAPTURE_AUTORELEASING = YES;
				CLANG_WARN_BOOL_CONVERSION = YES;
				CLANG_WARN_COMMA = YES;
				CLANG_WARN_CONSTANT_CONVERSION = YES;
				CLANG_WARN_DEPRECATED_OBJC_IMPLEMENTATIONS = YES;
				CLANG_WARN_DIRECT_OBJC_ISA_USAGE = YES_ERROR;
				CLANG_WARN_DOCUMENTATION_COMMENTS = YES;
				CLANG_WARN_EMPTY_BODY = YES;
				CLANG_WARN_ENUM_CONVERSION = YES;
				CLANG_WARN_INFINITE_RECURSION = YES;
				CLANG_WARN_INT_CONVERSION = YES;
				CLANG_WARN_NON_LITERAL_NULL_CONVERSION = YES;
				CLANG_WARN_OBJC_IMPLICIT_RETAIN_SELF = YES;
				CLANG_WARN_OBJC_LITERAL_CONVERSION = YES;
				CLANG_WARN_OBJC_ROOT_CLASS = YES_ERROR;
				CLANG_WARN_QUOTED_INCLUDE_IN_FRAMEWORK_HEADER = YES;
				CLANG_WARN_RANGE_LOOP_ANALYSIS = YES;
				CLANG_WARN_STRICT_PROTOTYPES = YES;
				CLANG_WARN_SUSPICIOUS_MOVE = YES;
				CLANG_WARN_UNGUARDED_AVAILABILITY = YES_AGGRESSIVE;
				CLANG_WARN_UNREACHABLE_CODE = YES;
				CLANG_WARN__DUPLICATE_METHOD_MATCH = YES;
				COPY_PHASE_STRIP = NO;
				DEBUG_INFORMATION_FORMAT = dwarf;
				ENABLE_STRICT_OBJC_MSGSEND = YES;
				ENABLE_TESTABILITY = YES;
				ENABLE_USER_SCRIPT_SANDBOXING = YES;
				GCC_C_LANGUAGE_STANDARD = gnu17;
				GCC_DYNAMIC_NO_PIC = NO;
				GCC_NO_COMMON_BLOCKS = YES;
				GCC_OPTIMIZATION_LEVEL = 0;
				GCC_PREPROCESSOR_DEFINITIONS = (
					"DEBUG=1",
					"$(inherited)",
				);
				GCC_WARN_64_TO_32_BIT_CONVERSION = YES;
				GCC_WARN_ABOUT_RETURN_TYPE = YES_ERROR;
				GCC_WARN_UNDECLARED_SELECTOR = YES;
				GCC_WARN_UNINITIALIZED_AUTOS = YES_AGGRESSIVE;
				GCC_WARN_UNUSED_FUNCTION = YES;
				GCC_WARN_UNUSED_VARIABLE = YES;
				IPHONEOS_DEPLOYMENT_TARGET = 17.0;
				LOCALIZATION_PREFERS_STRING_CATALOGS = YES;
				MTL_ENABLE_DEBUG_INFO = INCLUDE_SOURCE;
				MTL_FAST_MATH = YES;
				ONLY_ACTIVE_ARCH = YES;
				SDKROOT = iphoneos;
				SWIFT_ACTIVE_COMPILATION_CONDITIONS = "DEBUG $(inherited)";
				SWIFT_OPTIMIZATION_LEVEL = "-Onone";
			};
			name = Debug;
		};
		0441E7712CA5EC4D00A5AEC0 /* Release */ = {
			isa = XCBuildConfiguration;
			buildSettings = {
				ALWAYS_SEARCH_USER_PATHS = NO;
				ASSETCATALOG_COMPILER_GENERATE_SWIFT_ASSET_SYMBOL_EXTENSIONS = YES;
				CLANG_ANALYZER_NONNULL = YES;
				CLANG_ANALYZER_NUMBER_OBJECT_CONVERSION = YES_AGGRESSIVE;
				CLANG_CXX_LANGUAGE_STANDARD = "gnu++20";
				CLANG_ENABLE_MODULES = YES;
				CLANG_ENABLE_OBJC_ARC = YES;
				CLANG_ENABLE_OBJC_WEAK = YES;
				CLANG_WARN_BLOCK_CAPTURE_AUTORELEASING = YES;
				CLANG_WARN_BOOL_CONVERSION = YES;
				CLANG_WARN_COMMA = YES;
				CLANG_WARN_CONSTANT_CONVERSION = YES;
				CLANG_WARN_DEPRECATED_OBJC_IMPLEMENTATIONS = YES;
				CLANG_WARN_DIRECT_OBJC_ISA_USAGE = YES_ERROR;
				CLANG_WARN_DOCUMENTATION_COMMENTS = YES;
				CLANG_WARN_EMPTY_BODY = YES;
				CLANG_WARN_ENUM_CONVERSION = YES;
				CLANG_WARN_INFINITE_RECURSION = YES;
				CLANG_WARN_INT_CONVERSION = YES;
				CLANG_WARN_NON_LITERAL_NULL_CONVERSION = YES;
				CLANG_WARN_OBJC_IMPLICIT_RETAIN_SELF = YES;
				CLANG_WARN_OBJC_LITERAL_CONVERSION = YES;
				CLANG_WARN_OBJC_ROOT_CLASS = YES_ERROR;
				CLANG_WARN_QUOTED_INCLUDE_IN_FRAMEWORK_HEADER = YES;
				CLANG_WARN_RANGE_LOOP_ANALYSIS = YES;
				CLANG_WARN_STRICT_PROTOTYPES = YES;
				CLANG_WARN_SUSPICIOUS_MOVE = YES;
				CLANG_WARN_UNGUARDED_AVAILABILITY = YES_AGGRESSIVE;
				CLANG_WARN_UNREACHABLE_CODE = YES;
				CLANG_WARN__DUPLICATE_METHOD_MATCH = YES;
				COPY_PHASE_STRIP = NO;
				DEBUG_INFORMATION_FORMAT = "dwarf-with-dsym";
				ENABLE_NS_ASSERTIONS = NO;
				ENABLE_STRICT_OBJC_MSGSEND = YES;
				ENABLE_USER_SCRIPT_SANDBOXING = YES;
				GCC_C_LANGUAGE_STANDARD = gnu17;
				GCC_NO_COMMON_BLOCKS = YES;
				GCC_WARN_64_TO_32_BIT_CONVERSION = YES;
				GCC_WARN_ABOUT_RETURN_TYPE = YES_ERROR;
				GCC_WARN_UNDECLARED_SELECTOR = YES;
				GCC_WARN_UNINITIALIZED_AUTOS = YES_AGGRESSIVE;
				GCC_WARN_UNUSED_FUNCTION = YES;
				GCC_WARN_UNUSED_VARIABLE = YES;
				IPHONEOS_DEPLOYMENT_TARGET = 17.0;
				LOCALIZATION_PREFERS_STRING_CATALOGS = YES;
				MTL_ENABLE_DEBUG_INFO = NO;
				MTL_FAST_MATH = YES;
				SDKROOT = iphoneos;
				SWIFT_COMPILATION_MODE = wholemodule;
				VALIDATE_PRODUCT = YES;
			};
			name = Release;
		};
		0441E7732CA5EC4D00A5AEC0 /* Debug */ = {
			isa = XCBuildConfiguration;
			buildSettings = {
				ASSETCATALOG_COMPILER_APPICON_NAME = AppIcon;
				ASSETCATALOG_COMPILER_GLOBAL_ACCENT_COLOR_NAME = AccentColor;
				CODE_SIGN_STYLE = Automatic;
				CURRENT_PROJECT_VERSION = 1;
				DEVELOPMENT_ASSET_PATHS = "\"CupcakeCorner/Preview Content\"";
				ENABLE_PREVIEWS = YES;
				GENERATE_INFOPLIST_FILE = YES;
				INFOPLIST_KEY_UIApplicationSceneManifest_Generation = YES;
				INFOPLIST_KEY_UIApplicationSupportsIndirectInputEvents = YES;
				INFOPLIST_KEY_UILaunchScreen_Generation = YES;
				INFOPLIST_KEY_UISupportedInterfaceOrientations_iPad = "UIInterfaceOrientationPortrait UIInterfaceOrientationPortraitUpsideDown UIInterfaceOrientationLandscapeLeft UIInterfaceOrientationLandscapeRight";
				INFOPLIST_KEY_UISupportedInterfaceOrientations_iPhone = "UIInterfaceOrientationPortrait UIInterfaceOrientationLandscapeLeft UIInterfaceOrientationLandscapeRight";
				LD_RUNPATH_SEARCH_PATHS = (
					"$(inherited)",
					"@executable_path/Frameworks",
				);
				MARKETING_VERSION = 1.0;
				PRODUCT_BUNDLE_IDENTIFIER = com.cognate.CupcakeCorner;
				PRODUCT_NAME = "$(TARGET_NAME)";
				SWIFT_EMIT_LOC_STRINGS = YES;
				SWIFT_VERSION = 5.0;
				TARGETED_DEVICE_FAMILY = "1,2";
			};
			name = Debug;
		};
		0441E7742CA5EC4D00A5AEC0 /* Release */ = {
			isa = XCBuildConfiguration;
			buildSettings = {
				ASSETCATALOG_COMPILER_APPICON_NAME = AppIcon;
				ASSETCATALOG_COMPILER_GLOBAL_ACCENT_COLOR_NAME = AccentColor;
				CODE_SIGN_STYLE = Automatic;
				CURRENT_PROJECT_VERSION = 1;
				DEVELOPMENT_ASSET_PATHS = "\"CupcakeCorner/Preview Content\"";
				ENABLE_PREVIEWS = YES;
				GENERATE_INFOPLIST_FILE = YES;
				INFOPLIST_KEY_UIApplicationSceneManifest_Generation = YES;
				INFOPLIST_KEY_UIApplicationSupportsIndirectInputEvents = YES;
				INFOPLIST_KEY_UILaunchScreen_Generation = YES;
				INFOPLIST_KEY_UISupportedInterfaceOrientations_iPad = "UIInterfaceOrientationPortrait UIInterfaceOrientationPortraitUpsideDown UIInterfaceOrientationLandscapeLeft UIInterfaceOrientationLandscapeRight";
				INFOPLIST_KEY_UISupportedInterfaceOrientations_iPhone = "UIInterfaceOrientationPortrait UIInterfaceOrientationLandscapeLeft UIInterfaceOrientationLandscapeRight";
				LD_RUNPATH_SEARCH_PATHS = (
					"$(inherited)",
					"@executable_path/Frameworks",
				);
				MARKETING_VERSION = 1.0;
				PRODUCT_BUNDLE_IDENTIFIER = com.cognate.CupcakeCorner;
				PRODUCT_NAME = "$(TARGET_NAME)";
				SWIFT_EMIT_LOC_STRINGS = YES;
				SWIFT_VERSION = 5.0;
				TARGETED_DEVICE_FAMILY = "1,2";
			};
			name = Release;
		};
/* End XCBuildConfiguration section */

/* Begin XCConfigurationList section */
		0441E75F2CA5EC4A00A5AEC0 /* Build configuration list for PBXProject "CupcakeCorner" */ = {
			isa = XCConfigurationList;
			buildConfigurations = (
				0441E7702CA5EC4D00A5AEC0 /* Debug */,
				0441E7712CA5EC4D00A5AEC0 /* Release */,
			);
			defaultConfigurationIsVisible = 0;
			defaultConfigurationName = Release;
		};
		0441E7722CA5EC4D00A5AEC0 /* Build configuration list for PBXNativeTarget "CupcakeCorner" */ = {
			isa = XCConfigurationList;
			buildConfigurations = (
				0441E7732CA5EC4D00A5AEC0 /* Debug */,
				0441E7742CA5EC4D00A5AEC0 /* Release */,
			);
			defaultConfigurationIsVisible = 0;
			defaultConfigurationName = Release;
		};
/* End XCConfigurationList section */
	};
	rootObject = 0441E75C2CA5EC4A00A5AEC0 /* Project object */;
}
